
Microsoft Visual Studio Solution File, Format Version 12.00
# Visual Studio Version 17
VisualStudioVersion = 17.8.34309.116
MinimumVisualStudioVersion = 10.0.40219.1
Project("{9A19103F-16F7-4668-BE54-9A1E7A4F7556}") = "kursovoi_4kurs", "kursovoi_4kurs.csproj", "{55F0EFA9-9A3F-4217-A248-50D7214448FB}"
EndProject
Global
	GlobalSection(SolutionConfigurationPlatforms) = preSolution
		Debug|Any CPU = Debug|Any CPU
		Release|Any CPU = Release|Any CPU
	EndGlobalSection
	GlobalSection(ProjectConfigurationPlatforms) = postSolution
		{55F0EFA9-9A3F-4217-A248-50D7214448FB}.Debug|Any CPU.ActiveCfg = Debug|Any CPU
		{55F0EFA9-9A3F-4217-A248-50D7214448FB}.Debug|Any CPU.Build.0 = Debug|Any CPU
		{55F0EFA9-9A3F-4217-A248-50D7214448FB}.Release|Any CPU.ActiveCfg = Release|Any CPU
		{55F0EFA9-9A3F-4217-A248-50D7214448FB}.Release|Any CPU.Build.0 = Release|Any CPU
	EndGlobalSection
	GlobalSection(SolutionProperties) = preSolution
		HideSolutionNode = FALSE
	EndGlobalSection
	GlobalSection(ExtensibilityGlobals) = postSolution
		SolutionGuid = {50266E3A-D8C4-4E1A-9C74-A7435592D13F}
	EndGlobalSection
EndGlobal
